schema: '2.0'
stages:
  train:
    cmd: python test.py
    deps:
    - path: iris.csv
      hash: md5
      md5: 45109f850511f9474665f2c26f4c79f3
      size: 2470
    - path: test.py
      hash: md5
      md5: d8e8eb2feac49c54372c08a8ebd8b6ee
      size: 896
    outs:
    - path: metrics.json
      hash: md5
      md5: 9a0379eaa11dd7b9e9995a62a5f21656
      size: 17
    - path: model.pkl
      hash: md5
      md5: 8c66bbe2b0d5a39ac3cd070e8261ea6c
      size: 347534
